// !$*UTF8*$!
{
	archiveVersion = 1;
	classes = {
	};
	objectVersion = 46;
	objects = {

/* Begin PBXBuildFile section */
		406580271C6CE27600E13391 /* AppDelegate.swift in Sources */ = {isa = PBXBuildFile; fileRef = 406580261C6CE27600E13391 /* AppDelegate.swift */; };
		406580291C6CE27600E13391 /* ViewController.swift in Sources */ = {isa = PBXBuildFile; fileRef = 406580281C6CE27600E13391 /* ViewController.swift */; };
		4065802C1C6CE27600E13391 /* Main.storyboard in Resources */ = {isa = PBXBuildFile; fileRef = 4065802A1C6CE27600E13391 /* Main.storyboard */; };
		4065802E1C6CE27600E13391 /* Assets.xcassets in Resources */ = {isa = PBXBuildFile; fileRef = 4065802D1C6CE27600E13391 /* Assets.xcassets */; };
		406580311C6CE27600E13391 /* LaunchScreen.storyboard in Resources */ = {isa = PBXBuildFile; fileRef = 4065802F1C6CE27600E13391 /* LaunchScreen.storyboard */; };
		4065803C1C6CE27600E13391 /* PrinthelloTests.swift in Sources */ = {isa = PBXBuildFile; fileRef = 4065803B1C6CE27600E13391 /* PrinthelloTests.swift */; };
		406580471C6CE27600E13391 /* PrinthelloUITests.swift in Sources */ = {isa = PBXBuildFile; fileRef = 406580461C6CE27600E13391 /* PrinthelloUITests.swift */; };
/* End PBXBuildFile section */

/* Begin PBXContainerItemProxy section */
		406580381C6CE27600E13391 /* PBXContainerItemProxy */ = {
			isa = PBXContainerItemProxy;
			containerPortal = 4065801B1C6CE27600E13391 /* Project object */;
			proxyType = 1;
			remoteGlobalIDString = 406580221C6CE27600E13391;
			remoteInfo = Printhello;
		};
		406580431C6CE27600E13391 /* PBXContainerItemProxy */ = {
			isa = PBXContainerItemProxy;
			containerPortal = 4065801B1C6CE27600E13391 /* Project object */;
			proxyType = 1;
			remoteGlobalIDString = 406580221C6CE27600E13391;
			remoteInfo = Printhello;
		};
/* End PBXContainerItemProxy section */

/* Begin PBXFileReference section */
		406580231C6CE27600E13391 /* Printhello.app */ = {isa = PBXFileReference; explicitFileType = wrapper.application; includeInIndex = 0; path = Printhello.app; sourceTree = BUILT_PRODUCTS_DIR; };
		406580261C6CE27600E13391 /* AppDelegate.swift */ = {isa = PBXFileReference; lastKnownFileType = sourcecode.swift; path = AppDelegate.swift; sourceTree = "<group>"; };
		406580281C6CE27600E13391 /* ViewController.swift */ = {isa = PBXFileReference; lastKnownFileType = sourcecode.swift; path = ViewController.swift; sourceTree = "<group>"; };
		4065802B1C6CE27600E13391 /* Base */ = {isa = PBXFileReference; lastKnownFileType = file.storyboard; name = Base; path = Base.lproj/Main.storyboard; sourceTree = "<group>"; };
		4065802D1C6CE27600E13391 /* Assets.xcassets */ = {isa = PBXFileReference; lastKnownFileType = folder.assetcatalog; path = Assets.xcassets; sourceTree = "<group>"; };
		406580301C6CE27600E13391 /* Base */ = {isa = PBXFileReference; lastKnownFileType = file.storyboard; name = Base; path = Base.lproj/LaunchScreen.storyboard; sourceTree = "<group>"; };
		406580321C6CE27600E13391 /* Info.plist */ = {isa = PBXFileReference; lastKnownFileType = text.plist.xml; path = Info.plist; sourceTree = "<group>"; };
		406580371C6CE27600E13391 /* PrinthelloTests.xctest */ = {isa = PBXFileReference; explicitFileType = wrapper.cfbundle; includeInIndex = 0; path = PrinthelloTests.xctest; sourceTree = BUILT_PRODUCTS_DIR; };
		4065803B1C6CE27600E13391 /* PrinthelloTests.swift */ = {isa = PBXFileReference; lastKnownFileType = sourcecode.swift; path = PrinthelloTests.swift; sourceTree = "<group>"; };
		4065803D1C6CE27600E13391 /* Info.plist */ = {isa = PBXFileReference; lastKnownFileType = text.plist.xml; path = Info.plist; sourceTree = "<group>"; };
		406580421C6CE27600E13391 /* PrinthelloUITests.xctest */ = {isa = PBXFileReference; explicitFileType = wrapper.cfbundle; includeInIndex = 0; path = PrinthelloUITests.xctest; sourceTree = BUILT_PRODUCTS_DIR; };
		406580461C6CE27600E13391 /* PrinthelloUITests.swift */ = {isa = PBXFileReference; lastKnownFileType = sourcecode.swift; path = PrinthelloUITests.swift; sourceTree = "<group>"; };
		406580481C6CE27600E13391 /* Info.plist */ = {isa = PBXFileReference; lastKnownFileType = text.plist.xml; path = Info.plist; sourceTree = "<group>"; };
/* End PBXFileReference section */

/* Begin PBXFrameworksBuildPhase section */
		406580201C6CE27600E13391 /* Frameworks */ = {
			isa = PBXFrameworksBuildPhase;
			buildActionMask = 2147483647;
			files = (
			);
			runOnlyForDeploymentPostprocessing = 0;
		};
		406580341C6CE27600E13391 /* Frameworks */ = {
			isa = PBXFrameworksBuildPhase;
			buildActionMask = 2147483647;
			files = (
			);
			runOnlyForDeploymentPostprocessing = 0;
		};
		4065803F1C6CE27600E13391 /* Frameworks */ = {
			isa = PBXFrameworksBuildPhase;
			buildActionMask = 2147483647;
			files = (
			);
			runOnlyForDeploymentPostprocessing = 0;
		};
/* End PBXFrameworksBuildPhase section */

/* Begin PBXGroup section */
		4065801A1C6CE27600E13391 = {
			isa = PBXGroup;
			children = (
				406580251C6CE27600E13391 /* Printhello */,
				4065803A1C6CE27600E13391 /* PrinthelloTests */,
				406580451C6CE27600E13391 /* PrinthelloUITests */,
				406580241C6CE27600E13391 /* Products */,
			);
			sourceTree = "<group>";
		};
		406580241C6CE27600E13391 /* Products */ = {
			isa = PBXGroup;
			children = (
				406580231C6CE27600E13391 /* Printhello.app */,
				406580371C6CE27600E13391 /* PrinthelloTests.xctest */,
				406580421C6CE27600E13391 /* PrinthelloUITests.xctest */,
			);
			name = Products;
			sourceTree = "<group>";
		};
		406580251C6CE27600E13391 /* Printhello */ = {
			isa = PBXGroup;
			children = (
				406580261C6CE27600E13391 /* AppDelegate.swift */,
				406580281C6CE27600E13391 /* ViewController.swift */,
				4065802A1C6CE27600E13391 /* Main.storyboard */,
				4065802D1C6CE27600E13391 /* Assets.xcassets */,
				4065802F1C6CE27600E13391 /* LaunchScreen.storyboard */,
				406580321C6CE27600E13391 /* Info.plist */,
			);
			path = Printhello;
			sourceTree = "<group>";
		};
		4065803A1C6CE27600E13391 /* PrinthelloTests */ = {
			isa = PBXGroup;
			children = (
				4065803B1C6CE27600E13391 /* PrinthelloTests.swift */,
				4065803D1C6CE27600E13391 /* Info.plist */,
			);
			path = PrinthelloTests;
			sourceTree = "<group>";
		};
		406580451C6CE27600E13391 /* PrinthelloUITests */ = {
			isa = PBXGroup;
			children = (
				406580461C6CE27600E13391 /* PrinthelloUITests.swift */,
				406580481C6CE27600E13391 /* Info.plist */,
			);
			path = PrinthelloUITests;
			sourceTree = "<group>";
		};
/* End PBXGroup section */

/* Begin PBXNativeTarget section */
		406580221C6CE27600E13391 /* Printhello */ = {
			isa = PBXNativeTarget;
			buildConfigurationList = 4065804B1C6CE27600E13391 /* Build configuration list for PBXNativeTarget "Printhello" */;
			buildPhases = (
				4065801F1C6CE27600E13391 /* Sources */,
				406580201C6CE27600E13391 /* Frameworks */,
				406580211C6CE27600E13391 /* Resources */,
			);
			buildRules = (
			);
			dependencies = (
			);
			name = Printhello;
			productName = Printhello;
			productReference = 406580231C6CE27600E13391 /* Printhello.app */;
			productType = "com.apple.product-type.application";
		};
		406580361C6CE27600E13391 /* PrinthelloTests */ = {
			isa = PBXNativeTarget;
			buildConfigurationList = 4065804E1C6CE27600E13391 /* Build configuration list for PBXNativeTarget "PrinthelloTests" */;
			buildPhases = (
				406580331C6CE27600E13391 /* Sources */,
				406580341C6CE27600E13391 /* Frameworks */,
				406580351C6CE27600E13391 /* Resources */,
			);
			buildRules = (
			);
			dependencies = (
				406580391C6CE27600E13391 /* PBXTargetDependency */,
			);
			name = PrinthelloTests;
			productName = PrinthelloTests;
			productReference = 406580371C6CE27600E13391 /* PrinthelloTests.xctest */;
			productType = "com.apple.product-type.bundle.unit-test";
		};
		406580411C6CE27600E13391 /* PrinthelloUITests */ = {
			isa = PBXNativeTarget;
			buildConfigurationList = 406580511C6CE27600E13391 /* Build configuration list for PBXNativeTarget "PrinthelloUITests" */;
			buildPhases = (
				4065803E1C6CE27600E13391 /* Sources */,
				4065803F1C6CE27600E13391 /* Frameworks */,
				406580401C6CE27600E13391 /* Resources */,
			);
			buildRules = (
			);
			dependencies = (
				406580441C6CE27600E13391 /* PBXTargetDependency */,
			);
			name = PrinthelloUITests;
			productName = PrinthelloUITests;
			productReference = 406580421C6CE27600E13391 /* PrinthelloUITests.xctest */;
			productType = "com.apple.product-type.bundle.ui-testing";
		};
/* End PBXNativeTarget section */

/* Begin PBXProject section */
		4065801B1C6CE27600E13391 /* Project object */ = {
			isa = PBXProject;
			attributes = {
				LastSwiftUpdateCheck = 0720;
				LastUpgradeCheck = 0720;
				ORGANIZATIONNAME = pcpldev01;
				TargetAttributes = {
					406580221C6CE27600E13391 = {
						CreatedOnToolsVersion = 7.2;
					};
					406580361C6CE27600E13391 = {
						CreatedOnToolsVersion = 7.2;
						TestTargetID = 406580221C6CE27600E13391;
					};
					406580411C6CE27600E13391 = {
						CreatedOnToolsVersion = 7.2;
						TestTargetID = 406580221C6CE27600E13391;
					};
				};
			};
			buildConfigurationList = 4065801E1C6CE27600E13391 /* Build configuration list for PBXProject "Printhello" */;
			compatibilityVersion = "Xcode 3.2";
			developmentRegion = English;
			hasScannedForEncodings = 0;
			knownRegions = (
				en,
				Base,
			);
			mainGroup = 4065801A1C6CE27600E13391;
			productRefGroup = 406580241C6CE27600E13391 /* Products */;
			projectDirPath = "";
			projectRoot = "";
			targets = (
				406580221C6CE27600E13391 /* Printhello */,
				406580361C6CE27600E13391 /* PrinthelloTests */,
				406580411C6CE27600E13391 /* PrinthelloUITests */,
			);
		};
/* End PBXProject section */

/* Begin PBXResourcesBuildPhase section */
		406580211C6CE27600E13391 /* Resources */ = {
			isa = PBXResourcesBuildPhase;
			buildActionMask = 2147483647;
			files = (
				406580311C6CE27600E13391 /* LaunchScreen.storyboard in Resources */,
				4065802E1C6CE27600E13391 /* Assets.xcassets in Resources */,
				4065802C1C6CE27600E13391 /* Main.storyboard in Resources */,
			);
			runOnlyForDeploymentPostprocessing = 0;
		};
		406580351C6CE27600E13391 /* Resources */ = {
			isa = PBXResourcesBuildPhase;
			buildActionMask = 2147483647;
			files = (
			);
			runOnlyForDeploymentPostprocessing = 0;
		};
		406580401C6CE27600E13391 /* Resources */ = {
			isa = PBXResourcesBuildPhase;
			buildActionMask = 2147483647;
			files = (
			);
			runOnlyForDeploymentPostprocessing = 0;
		};
/* End PBXResourcesBuildPhase section */

/* Begin PBXSourcesBuildPhase section */
		4065801F1C6CE27600E13391 /* Sources */ = {
			isa = PBXSourcesBuildPhase;
			buildActionMask = 2147483647;
			files = (
				406580291C6CE27600E13391 /* ViewController.swift in Sources */,
				406580271C6CE27600E13391 /* AppDelegate.swift in Sources */,
			);
			runOnlyForDeploymentPostprocessing = 0;
		};
		406580331C6CE27600E13391 /* Sources */ = {
			isa = PBXSourcesBuildPhase;
			buildActionMask = 2147483647;
			files = (
				4065803C1C6CE27600E13391 /* PrinthelloTests.swift in Sources */,
			);
			runOnlyForDeploymentPostprocessing = 0;
		};
		4065803E1C6CE27600E13391 /* Sources */ = {
			isa = PBXSourcesBuildPhase;
			buildActionMask = 2147483647;
			files = (
				406580471C6CE27600E13391 /* PrinthelloUITests.swift in Sources */,
			);
			runOnlyForDeploymentPostprocessing = 0;
		};
/* End PBXSourcesBuildPhase section */

/* Begin PBXTargetDependency section */
		406580391C6CE27600E13391 /* PBXTargetDependency */ = {
			isa = PBXTargetDependency;
			target = 406580221C6CE27600E13391 /* Printhello */;
			targetProxy = 406580381C6CE27600E13391 /* PBXContainerItemProxy */;
		};
		406580441C6CE27600E13391 /* PBXTargetDependency */ = {
			isa = PBXTargetDependency;
			target = 406580221C6CE27600E13391 /* Printhello */;
			targetProxy = 406580431C6CE27600E13391 /* PBXContainerItemProxy */;
		};
/* End PBXTargetDependency section */

/* Begin PBXVariantGroup section */
		4065802A1C6CE27600E13391 /* Main.storyboard */ = {
			isa = PBXVariantGroup;
			children = (
				4065802B1C6CE27600E13391 /* Base */,
			);
			name = Main.storyboard;
			sourceTree = "<group>";
		};
		4065802F1C6CE27600E13391 /* LaunchScreen.storyboard */ = {
			isa = PBXVariantGroup;
			children = (
				406580301C6CE27600E13391 /* Base */,
			);
			name = LaunchScreen.storyboard;
			sourceTree = "<group>";
		};
/* End PBXVariantGroup section */

/* Begin XCBuildConfiguration section */
		406580491C6CE27600E13391 /* Debug */ = {
			isa = XCBuildConfiguration;
			buildSettings = {
				ALWAYS_SEARCH_USER_PATHS = NO;
				CLANG_CXX_LANGUAGE_STANDARD = "gnu++0x";
				CLANG_CXX_LIBRARY = "libc++";
				CLANG_ENABLE_MODULES = YES;
				CLANG_ENABLE_OBJC_ARC = YES;
				CLANG_WARN_BOOL_CONVERSION = YES;
				CLANG_WARN_CONSTANT_CONVERSION = YES;
				CLANG_WARN_DIRECT_OBJC_ISA_USAGE = YES_ERROR;
				CLANG_WARN_EMPTY_BODY = YES;
				CLANG_WARN_ENUM_CONVERSION = YES;
				CLANG_WARN_INT_CONVERSION = YES;
				CLANG_WARN_OBJC_ROOT_CLASS = YES_ERROR;
				CLANG_WARN_UNREACHABLE_CODE = YES;
				CLANG_WARN__DUPLICATE_METHOD_MATCH = YES;
				"CODE_SIGN_IDENTITY[sdk=iphoneos*]" = "iPhone Developer";
				COPY_PHASE_STRIP = NO;
				DEBUG_INFORMATION_FORMAT = dwarf;
				ENABLE_STRICT_OBJC_MSGSEND = YES;
				ENABLE_TESTABILITY = YES;
				GCC_C_LANGUAGE_STANDARD = gnu99;
				GCC_DYNAMIC_NO_PIC = NO;
				GCC_NO_COMMON_BLOCKS = YES;
				GCC_OPTIMIZATION_LEVEL = 0;
				GCC_PREPROCESSOR_DEFINITIONS = (
					"DEBUG=1",
					"$(inherited)",
				);
				GCC_WARN_64_TO_32_BIT_CONVERSION = YES;
				GCC_WARN_ABOUT_RETURN_TYPE = YES_ERROR;
				GCC_WARN_UNDECLARED_SELECTOR = YES;
				GCC_WARN_UNINITIALIZED_AUTOS = YES_AGGRESSIVE;
				GCC_WARN_UNUSED_FUNCTION = YES;
				GCC_WARN_UNUSED_VARIABLE = YES;
				IPHONEOS_DEPLOYMENT_TARGET = 9.2;
				MTL_ENABLE_DEBUG_INFO = YES;
				ONLY_ACTIVE_ARCH = YES;
				SDKROOT = iphoneos;
				SWIFT_OPTIMIZATION_LEVEL = "-Onone";
				TARGETED_DEVICE_FAMILY = "1,2";
			};
			name = Debug;
		};
		4065804A1C6CE27600E13391 /* Release */ = {
			isa = XCBuildConfiguration;
			buildSettings = {
				ALWAYS_SEARCH_USER_PATHS = NO;
				CLANG_CXX_LANGUAGE_STANDARD = "gnu++0x";
				CLANG_CXX_LIBRARY = "libc++";
				CLANG_ENABLE_MODULES = YES;
				CLANG_ENABLE_OBJC_ARC = YES;
				CLANG_WARN_BOOL_CONVERSION = YES;
				CLANG_WARN_CONSTANT_CONVERSION = YES;
				CLANG_WARN_DIRECT_OBJC_ISA_USAGE = YES_ERROR;
				CLANG_WARN_EMPTY_BODY = YES;
				CLANG_WARN_ENUM_CONVERSION = YES;
				CLANG_WARN_INT_CONVERSION = YES;
				CLANG_WARN_OBJC_ROOT_CLASS = YES_ERROR;
				CLANG_WARN_UNREACHABLE_CODE = YES;
				CLANG_WARN__DUPLICATE_METHOD_MATCH = YES;
				"CODE_SIGN_IDENTITY[sdk=iphoneos*]" = "iPhone Developer";
				COPY_PHASE_STRIP = NO;
				DEBUG_INFORMATION_FORMAT = "dwarf-with-dsym";
				ENABLE_NS_ASSERTIONS = NO;
				ENABLE_STRICT_OBJC_MSGSEND = YES;
				GCC_C_LANGUAGE_STANDARD = gnu99;
				GCC_NO_COMMON_BLOCKS = YES;
				GCC_WARN_64_TO_32_BIT_CONVERSION = YES;
				GCC_WARN_ABOUT_RETURN_TYPE = YES_ERROR;
				GCC_WARN_UNDECLARED_SELECTOR = YES;
				GCC_WARN_UNINITIALIZED_AUTOS = YES_AGGRESSIVE;
				GCC_WARN_UNUSED_FUNCTION = YES;
				GCC_WARN_UNUSED_VARIABLE = YES;
				IPHONEOS_DEPLOYMENT_TARGET = 9.2;
				MTL_ENABLE_DEBUG_INFO = NO;
				SDKROOT = iphoneos;
				TARGETED_DEVICE_FAMILY = "1,2";
				VALIDATE_PRODUCT = YES;
			};
			name = Release;
		};
		4065804C1C6CE27600E13391 /* Debug */ = {
			isa = XCBuildConfiguration;
			buildSettings = {
				ASSETCATALOG_COMPILER_APPICON_NAME = AppIcon;
				INFOPLIST_FILE = Printhello/Info.plist;
				LD_RUNPATH_SEARCH_PATHS = "$(inherited) @executable_path/Frameworks";
				PRODUCT_BUNDLE_IDENTIFIER = com.plinkobit..Printhello;
				PRODUCT_NAME = "$(TARGET_NAME)";
			};
			name = Debug;
		};
		4065804D1C6CE27600E13391 /* Release */ = {
			isa = XCBuildConfiguration;
			buildSettings = {
				ASSETCATALOG_COMPILER_APPICON_NAME = AppIcon;
				INFOPLIST_FILE = Printhello/Info.plist;
				LD_RUNPATH_SEARCH_PATHS = "$(inherited) @executable_path/Frameworks";
				PRODUCT_BUNDLE_IDENTIFIER = com.plinkobit..Printhello;
				PRODUCT_NAME = "$(TARGET_NAME)";
			};
			name = Release;
		};
		4065804F1C6CE27600E13391 /* Debug */ = {
			isa = XCBuildConfiguration;
			buildSettings = {
				BUNDLE_LOADER = "$(TEST_HOST)";
				INFOPLIST_FILE = PrinthelloTests/Info.plist;
				LD_RUNPATH_SEARCH_PATHS = "$(inherited) @executable_path/Frameworks @loader_path/Frameworks";
				PRODUCT_BUNDLE_IDENTIFIER = com.plinkobit..PrinthelloTests;
				PRODUCT_NAME = "$(TARGET_NAME)";
				TEST_HOST = "$(BUILT_PRODUCTS_DIR)/Printhello.app/Printhello";
			};
			name = Debug;
		};
		406580501C6CE27600E13391 /* Release */ = {
			isa = XCBuildConfiguration;
			buildSettings = {
				BUNDLE_LOADER = "$(TEST_HOST)";
				INFOPLIST_FILE = PrinthelloTests/Info.plist;
				LD_RUNPATH_SEARCH_PATHS = "$(inherited) @executable_path/Frameworks @loader_path/Frameworks";
				PRODUCT_BUNDLE_IDENTIFIER = com.plinkobit..PrinthelloTests;
				PRODUCT_NAME = "$(TARGET_NAME)";
				TEST_HOST = "$(BUILT_PRODUCTS_DIR)/Printhello.app/Printhello";
			};
			name = Release;
		};
		406580521C6CE27600E13391 /* Debug */ = {
			isa = XCBuildConfiguration;
			buildSettings = {
				INFOPLIST_FILE = PrinthelloUITests/Info.plist;
				LD_RUNPATH_SEARCH_PATHS = "$(inherited) @executable_path/Frameworks @loader_path/Frameworks";
				PRODUCT_BUNDLE_IDENTIFIER = com.plinkobit..PrinthelloUITests;
				PRODUCT_NAME = "$(TARGET_NAME)";
				TEST_TARGET_NAME = Printhello;
				USES_XCTRUNNER = YES;
			};
			name = Debug;
		};
		406580531C6CE27600E13391 /* Release */ = {
			isa = XCBuildConfiguration;
			buildSettings = {
				INFOPLIST_FILE = PrinthelloUITests/Info.plist;
				LD_RUNPATH_SEARCH_PATHS = "$(inherited) @executable_path/Frameworks @loader_path/Frameworks";
				PRODUCT_BUNDLE_IDENTIFIER = com.plinkobit..PrinthelloUITests;
				PRODUCT_NAME = "$(TARGET_NAME)";
				TEST_TARGET_NAME = Printhello;
				USES_XCTRUNNER = YES;
			};
			name = Release;
		};
/* End XCBuildConfiguration section */

/* Begin XCConfigurationList section */
		4065801E1C6CE27600E13391 /* Build configuration list for PBXProject "Printhello" */ = {
			isa = XCConfigurationList;
			buildConfigurations = (
				406580491C6CE27600E13391 /* Debug */,
				4065804A1C6CE27600E13391 /* Release */,
			);
			defaultConfigurationIsVisible = 0;
			defaultConfigurationName = Release;
		};
		4065804B1C6CE27600E13391 /* Build configuration list for PBXNativeTarget "Printhello" */ = {
			isa = XCConfigurationList;
			buildConfigurations = (
				4065804C1C6CE27600E13391 /* Debug */,
				4065804D1C6CE27600E13391 /* Release */,
			);
			defaultConfigurationIsVisible = 0;
		};
		4065804E1C6CE27600E13391 /* Build configuration list for PBXNativeTarget "PrinthelloTests" */ = {
			isa = XCConfigurationList;
			buildConfigurations = (
				4065804F1C6CE27600E13391 /* Debug */,
				406580501C6CE27600E13391 /* Release */,
			);
			defaultConfigurationIsVisible = 0;
		};
		406580511C6CE27600E13391 /* Build configuration list for PBXNativeTarget "PrinthelloUITests" */ = {
			isa = XCConfigurationList;
			buildConfigurations = (
				406580521C6CE27600E13391 /* Debug */,
				406580531C6CE27600E13391 /* Release */,
			);
			defaultConfigurationIsVisible = 0;
		};
/* End XCConfigurationList section */
	};
	rootObject = 4065801B1C6CE27600E13391 /* Project object */;
}
